// !$*UTF8*$!
{
	archiveVersion = 1;
	classes = {
	};
	objectVersion = 46;
	objects = {

/* Begin PBXBuildFile section */
		BCCF69731C08F1AC001F0EAD /* main.m in Sources */ = {isa = PBXBuildFile; fileRef = BCCF69721C08F1AC001F0EAD /* main.m */; };
		BCCF69761C08F1AC001F0EAD /* AppDelegate.m in Sources */ = {isa = PBXBuildFile; fileRef = BCCF69751C08F1AC001F0EAD /* AppDelegate.m */; };
		BCCF69791C08F1AC001F0EAD /* FirstViewController.m in Sources */ = {isa = PBXBuildFile; fileRef = BCCF69781C08F1AC001F0EAD /* FirstViewController.m */; };
		BCCF697C1C08F1AC001F0EAD /* SecondViewController.m in Sources */ = {isa = PBXBuildFile; fileRef = BCCF697B1C08F1AC001F0EAD /* SecondViewController.m */; };
		BCCF697F1C08F1AC001F0EAD /* Main.storyboard in Resources */ = {isa = PBXBuildFile; fileRef = BCCF697D1C08F1AC001F0EAD /* Main.storyboard */; };
		BCCF69841C08F1AC001F0EAD /* LaunchScreen.storyboard in Resources */ = {isa = PBXBuildFile; fileRef = BCCF69821C08F1AC001F0EAD /* LaunchScreen.storyboard */; };
		BCCF6BC61C0903D1001F0EAD /* UIKit.framework in Frameworks */ = {isa = PBXBuildFile; fileRef = BCCF6BC51C0903D0001F0EAD /* UIKit.framework */; };
		BCCF6BC81C0903DC001F0EAD /* Foundation.framework in Frameworks */ = {isa = PBXBuildFile; fileRef = BCCF6BC71C0903DC001F0EAD /* Foundation.framework */; };
		C363DDCC1C6B22A800158A29 /* Images.xcassets in Resources */ = {isa = PBXBuildFile; fileRef = C363DDCB1C6B22A800158A29 /* Images.xcassets */; };
		C372AC271CCE61E30030CC0C /* TicketDetailViewCell.m in Sources */ = {isa = PBXBuildFile; fileRef = C372AC261CCE61E30030CC0C /* TicketDetailViewCell.m */; };
		C3777D6D1C9AA4C900C5F5D7 /* SLFGroupedItem.m in Sources */ = {isa = PBXBuildFile; fileRef = C3777D6C1C9AA4C900C5F5D7 /* SLFGroupedItem.m */; };
		C386A8F21CA279CD00B11F78 /* FeedsFilteredViewController.m in Sources */ = {isa = PBXBuildFile; fileRef = C386A8F01CA279CD00B11F78 /* FeedsFilteredViewController.m */; };
		C399D5B21C6B41D5006375FC /* App-icon in Resources */ = {isa = PBXBuildFile; fileRef = C399D5B01C6B41D5006375FC /* App-icon */; };
		C399D5B31C6B41D5006375FC /* Icons in Resources */ = {isa = PBXBuildFile; fileRef = C399D5B11C6B41D5006375FC /* Icons */; };
		C39C61101C242441002EE4C2 /* fmdb in Resources */ = {isa = PBXBuildFile; fileRef = C39C610F1C242441002EE4C2 /* fmdb */; };
		C39C611F1C242546002EE4C2 /* FMDatabase.m in Sources */ = {isa = PBXBuildFile; fileRef = C39C61151C242546002EE4C2 /* FMDatabase.m */; };
		C39C61201C242547002EE4C2 /* FMDatabaseAdditions.m in Sources */ = {isa = PBXBuildFile; fileRef = C39C61171C242546002EE4C2 /* FMDatabaseAdditions.m */; };
		C39C61211C242547002EE4C2 /* FMDatabasePool.m in Sources */ = {isa = PBXBuildFile; fileRef = C39C61191C242546002EE4C2 /* FMDatabasePool.m */; };
		C39C61221C242547002EE4C2 /* FMDatabaseQueue.m in Sources */ = {isa = PBXBuildFile; fileRef = C39C611B1C242546002EE4C2 /* FMDatabaseQueue.m */; };
		C39C61231C242547002EE4C2 /* FMResultSet.m in Sources */ = {isa = PBXBuildFile; fileRef = C39C611E1C242546002EE4C2 /* FMResultSet.m */; };
		C39C61261C2425AA002EE4C2 /* libsqlite3.0.tbd in Frameworks */ = {isa = PBXBuildFile; fileRef = C39C61251C2425AA002EE4C2 /* libsqlite3.0.tbd */; };
		C39C613B1C242F5C002EE4C2 /* DBRepository.m in Sources */ = {isa = PBXBuildFile; fileRef = C39C613A1C242F5C002EE4C2 /* DBRepository.m */; };
		C39C61551C3E65FF002EE4C2 /* SLFService.m in Sources */ = {isa = PBXBuildFile; fileRef = C39C614E1C3E65FF002EE4C2 /* SLFService.m */; };
		C39C61571C3E65FF002EE4C2 /* SLFSubject.m in Sources */ = {isa = PBXBuildFile; fileRef = C39C61521C3E65FF002EE4C2 /* SLFSubject.m */; };
		C39C61581C3E65FF002EE4C2 /* SLFSubjectsResponse.m in Sources */ = {isa = PBXBuildFile; fileRef = C39C61541C3E65FF002EE4C2 /* SLFSubjectsResponse.m */; };
		C39C615D1C3E6757002EE4C2 /* SLFCompany.m in Sources */ = {isa = PBXBuildFile; fileRef = C39C615A1C3E6757002EE4C2 /* SLFCompany.m */; };
		C39C615E1C3E6757002EE4C2 /* SLFCompaniesResponse.m in Sources */ = {isa = PBXBuildFile; fileRef = C39C615C1C3E6757002EE4C2 /* SLFCompaniesResponse.m */; };
		C39C61611C3E6AFB002EE4C2 /* SLFServicesResponse.m in Sources */ = {isa = PBXBuildFile; fileRef = C39C61601C3E6AFB002EE4C2 /* SLFServicesResponse.m */; };
		C39C61681C3E6DB0002EE4C2 /* SLFGroup.m in Sources */ = {isa = PBXBuildFile; fileRef = C39C61631C3E6DB0002EE4C2 /* SLFGroup.m */; };
		C39C61691C3E6DB0002EE4C2 /* SLFSubscription.m in Sources */ = {isa = PBXBuildFile; fileRef = C39C61651C3E6DB0002EE4C2 /* SLFSubscription.m */; };
		C39C616A1C3E6DB0002EE4C2 /* SLFSubscriptionsResponse.m in Sources */ = {isa = PBXBuildFile; fileRef = C39C61671C3E6DB0002EE4C2 /* SLFSubscriptionsResponse.m */; };
		C39C616D1C3E6FDD002EE4C2 /* SLFDevice.m in Sources */ = {isa = PBXBuildFile; fileRef = C39C616C1C3E6FDD002EE4C2 /* SLFDevice.m */; };
		C39C61731C3E7775002EE4C2 /* SLFRuleType.m in Sources */ = {isa = PBXBuildFile; fileRef = C39C61721C3E7775002EE4C2 /* SLFRuleType.m */; };
		C39C61761C3E84DA002EE4C2 /* Globals.m in Sources */ = {isa = PBXBuildFile; fileRef = C39C61751C3E84DA002EE4C2 /* Globals.m */; };
		C39C61791C3E8B0B002EE4C2 /* SLFSettings.m in Sources */ = {isa = PBXBuildFile; fileRef = C39C61781C3E8B0B002EE4C2 /* SLFSettings.m */; };
		C39C61851C43CA84002EE4C2 /* SLFSubscriptionStatus.m in Sources */ = {isa = PBXBuildFile; fileRef = C39C61841C43CA84002EE4C2 /* SLFSubscriptionStatus.m */; };
		C39C61881C43CCA8002EE4C2 /* SLFGroupStatus.m in Sources */ = {isa = PBXBuildFile; fileRef = C39C61871C43CCA8002EE4C2 /* SLFGroupStatus.m */; };
		C39C618B1C43CD79002EE4C2 /* SLFSubscriptionStatusesResponse.m in Sources */ = {isa = PBXBuildFile; fileRef = C39C618A1C43CD79002EE4C2 /* SLFSubscriptionStatusesResponse.m */; };
		C39C618E1C43EC31002EE4C2 /* Synchronizer.m in Sources */ = {isa = PBXBuildFile; fileRef = C39C618D1C43EC31002EE4C2 /* Synchronizer.m */; };
		C39C61911C43F0E2002EE4C2 /* SLFHttpClient.m in Sources */ = {isa = PBXBuildFile; fileRef = C39C61901C43F0E2002EE4C2 /* SLFHttpClient.m */; };
		C3A00BA11C899B92001C60C2 /* SLFDB.rdb in Resources */ = {isa = PBXBuildFile; fileRef = C3A00BA01C899B92001C60C2 /* SLFDB.rdb */; };
		C3E999CE1C47A7C00008456D /* SLFAlert.m in Sources */ = {isa = PBXBuildFile; fileRef = C3E999C91C47A7C00008456D /* SLFAlert.m */; };
		C3E999CF1C47A7C00008456D /* SLFAps.m in Sources */ = {isa = PBXBuildFile; fileRef = C3E999CB1C47A7C00008456D /* SLFAps.m */; };
		C3E999D01C47A7C00008456D /* SLFNotification.m in Sources */ = {isa = PBXBuildFile; fileRef = C3E999CD1C47A7C00008456D /* SLFNotification.m */; };
		C3E99A221C48FDF90008456D /* TicketDetaillViewController.m in Sources */ = {isa = PBXBuildFile; fileRef = C3E99A201C48FDF90008456D /* TicketDetaillViewController.m */; };
		C3E99A491C564E7F0008456D /* SLFTicketDetail.m in Sources */ = {isa = PBXBuildFile; fileRef = C3E99A481C564E7F0008456D /* SLFTicketDetail.m */; };
		C3E99A4C1C5F976E0008456D /* NewGroupViewController.m in Sources */ = {isa = PBXBuildFile; fileRef = C3E99A4B1C5F976E0008456D /* NewGroupViewController.m */; };
		C3E99A4F1C64D7FF0008456D /* SearchTableViewController.m in Sources */ = {isa = PBXBuildFile; fileRef = C3E99A4E1C64D7FF0008456D /* SearchTableViewController.m */; };
		C3F47C511D914B53001E4D72 /* public in Resources */ = {isa = PBXBuildFile; fileRef = C3F47C4A1D914B53001E4D72 /* public */; };
		C3F7EB331D915B13005B12DC /* ADAL.framework in Frameworks */ = {isa = PBXBuildFile; fileRef = C3F7EB321D915B13005B12DC /* ADAL.framework */; };
		C3F7EB351D915F56005B12DC /* libADAL-core.a in Frameworks */ = {isa = PBXBuildFile; fileRef = C3F7EB341D915F56005B12DC /* libADAL-core.a */; };
		C3F7EB381D91616B005B12DC /* libADAL-core.a in Resources */ = {isa = PBXBuildFile; fileRef = C3F7EB341D915F56005B12DC /* libADAL-core.a */; };
		C3F7EB3C1D9166D8005B12DC /* libADAL-core.a in Embed Frameworks */ = {isa = PBXBuildFile; fileRef = C3F7EB341D915F56005B12DC /* libADAL-core.a */; };
		C3F7EB3E1D92673F005B12DC /* UserNotifications.framework in Frameworks */ = {isa = PBXBuildFile; fileRef = C3F7EB3D1D92673F005B12DC /* UserNotifications.framework */; };
		C3F7EB471D927EC7005B12DC /* AFNetworking.framework in Frameworks */ = {isa = PBXBuildFile; fileRef = C3F7EB461D927EC7005B12DC /* AFNetworking.framework */; };
		C3F7EB481D927F09005B12DC /* AFNetworking.framework in Embed Frameworks */ = {isa = PBXBuildFile; fileRef = C3F7EB461D927EC7005B12DC /* AFNetworking.framework */; settings = {ATTRIBUTES = (CodeSignOnCopy, RemoveHeadersOnCopy, ); }; };
		C3F7EB491D9299C6005B12DC /* ADAL.framework in Embed Frameworks */ = {isa = PBXBuildFile; fileRef = C3F7EB321D915B13005B12DC /* ADAL.framework */; settings = {ATTRIBUTES = (CodeSignOnCopy, RemoveHeadersOnCopy, ); }; };
/* End PBXBuildFile section */

/* Begin PBXContainerItemProxy section */
		BCCF698B1C08F1AC001F0EAD /* PBXContainerItemProxy */ = {
			isa = PBXContainerItemProxy;
			containerPortal = BCCF69661C08F1AB001F0EAD /* Project object */;
			proxyType = 1;
			remoteGlobalIDString = BCCF696D1C08F1AB001F0EAD;
			remoteInfo = "Ticket monitor";
		};
		BCCF69961C08F1AC001F0EAD /* PBXContainerItemProxy */ = {
			isa = PBXContainerItemProxy;
			containerPortal = BCCF69661C08F1AB001F0EAD /* Project object */;
			proxyType = 1;
			remoteGlobalIDString = BCCF696D1C08F1AB001F0EAD;
			remoteInfo = "Ticket monitor";
		};
/* End PBXContainerItemProxy section */

/* Begin PBXCopyFilesBuildPhase section */
		C3F7EB3B1D91642B005B12DC /* Embed Frameworks */ = {
			isa = PBXCopyFilesBuildPhase;
			buildActionMask = 2147483647;
			dstPath = "";
			dstSubfolderSpec = 10;
			files = (
				C3F7EB491D9299C6005B12DC /* ADAL.framework in Embed Frameworks */,
				C3F7EB481D927F09005B12DC /* AFNetworking.framework in Embed Frameworks */,
				C3F7EB3C1D9166D8005B12DC /* libADAL-core.a in Embed Frameworks */,
			);
			name = "Embed Frameworks";
			runOnlyForDeploymentPostprocessing = 0;
		};
/* End PBXCopyFilesBuildPhase section */

/* Begin PBXFileReference section */
		BCCF696E1C08F1AB001F0EAD /* SPAN Live Feed.app */ = {isa = PBXFileReference; explicitFileType = wrapper.application; includeInIndex = 0; path = "SPAN Live Feed.app"; sourceTree = BUILT_PRODUCTS_DIR; };
		BCCF69721C08F1AC001F0EAD /* main.m */ = {isa = PBXFileReference; lastKnownFileType = sourcecode.c.objc; path = main.m; sourceTree = "<group>"; };
		BCCF69741C08F1AC001F0EAD /* AppDelegate.h */ = {isa = PBXFileReference; lastKnownFileType = sourcecode.c.h; path = AppDelegate.h; sourceTree = "<group>"; };
		BCCF69751C08F1AC001F0EAD /* AppDelegate.m */ = {isa = PBXFileReference; lastKnownFileType = sourcecode.c.objc; path = AppDelegate.m; sourceTree = "<group>"; };
		BCCF69771C08F1AC001F0EAD /* FirstViewController.h */ = {isa = PBXFileReference; lastKnownFileType = sourcecode.c.h; path = FirstViewController.h; sourceTree = "<group>"; };
		BCCF69781C08F1AC001F0EAD /* FirstViewController.m */ = {isa = PBXFileReference; lastKnownFileType = sourcecode.c.objc; path = FirstViewController.m; sourceTree = "<group>"; };
		BCCF697A1C08F1AC001F0EAD /* SecondViewController.h */ = {isa = PBXFileReference; lastKnownFileType = sourcecode.c.h; path = SecondViewController.h; sourceTree = "<group>"; };
		BCCF697B1C08F1AC001F0EAD /* SecondViewController.m */ = {isa = PBXFileReference; lastKnownFileType = sourcecode.c.objc; path = SecondViewController.m; sourceTree = "<group>"; };
		BCCF697E1C08F1AC001F0EAD /* Base */ = {isa = PBXFileReference; lastKnownFileType = file.storyboard; name = Base; path = Base.lproj/Main.storyboard; sourceTree = "<group>"; };
		BCCF69831C08F1AC001F0EAD /* Base */ = {isa = PBXFileReference; lastKnownFileType = file.storyboard; name = Base; path = Base.lproj/LaunchScreen.storyboard; sourceTree = "<group>"; };
		BCCF69851C08F1AC001F0EAD /* Info.plist */ = {isa = PBXFileReference; lastKnownFileType = text.plist.xml; path = Info.plist; sourceTree = "<group>"; };
		BCCF698A1C08F1AC001F0EAD /* SPAN Live FeedTests.xctest */ = {isa = PBXFileReference; explicitFileType = wrapper.cfbundle; includeInIndex = 0; path = "SPAN Live FeedTests.xctest"; sourceTree = BUILT_PRODUCTS_DIR; };
		BCCF69951C08F1AC001F0EAD /* SPAN Live FeedTests.xctest */ = {isa = PBXFileReference; explicitFileType = wrapper.cfbundle; includeInIndex = 0; path = "SPAN Live FeedTests.xctest"; sourceTree = BUILT_PRODUCTS_DIR; };
		BCCF6BC51C0903D0001F0EAD /* UIKit.framework */ = {isa = PBXFileReference; lastKnownFileType = wrapper.framework; name = UIKit.framework; path = System/Library/Frameworks/UIKit.framework; sourceTree = SDKROOT; };
		BCCF6BC71C0903DC001F0EAD /* Foundation.framework */ = {isa = PBXFileReference; lastKnownFileType = wrapper.framework; name = Foundation.framework; path = System/Library/Frameworks/Foundation.framework; sourceTree = SDKROOT; };
		BCCF6BCA1C090812001F0EAD /* PrefixHeader.pch */ = {isa = PBXFileReference; fileEncoding = 4; lastKnownFileType = sourcecode.c.h; path = PrefixHeader.pch; sourceTree = "<group>"; };
		C363DDCB1C6B22A800158A29 /* Images.xcassets */ = {isa = PBXFileReference; lastKnownFileType = folder.assetcatalog; path = Images.xcassets; sourceTree = "<group>"; };
		C372AC251CCE61E30030CC0C /* TicketDetailViewCell.h */ = {isa = PBXFileReference; fileEncoding = 4; lastKnownFileType = sourcecode.c.h; path = TicketDetailViewCell.h; sourceTree = "<group>"; };
		C372AC261CCE61E30030CC0C /* TicketDetailViewCell.m */ = {isa = PBXFileReference; fileEncoding = 4; lastKnownFileType = sourcecode.c.objc; path = TicketDetailViewCell.m; sourceTree = "<group>"; };
		C3777D6B1C9AA4C900C5F5D7 /* SLFGroupedItem.h */ = {isa = PBXFileReference; fileEncoding = 4; lastKnownFileType = sourcecode.c.h; path = SLFGroupedItem.h; sourceTree = "<group>"; };
		C3777D6C1C9AA4C900C5F5D7 /* SLFGroupedItem.m */ = {isa = PBXFileReference; fileEncoding = 4; lastKnownFileType = sourcecode.c.objc; path = SLFGroupedItem.m; sourceTree = "<group>"; };
		C386A8F01CA279CD00B11F78 /* FeedsFilteredViewController.m */ = {isa = PBXFileReference; fileEncoding = 4; lastKnownFileType = sourcecode.c.objc; path = FeedsFilteredViewController.m; sourceTree = "<group>"; };
		C386A8F11CA279CD00B11F78 /* FeedsFilteredViewController.h */ = {isa = PBXFileReference; fileEncoding = 4; lastKnownFileType = sourcecode.c.h; path = FeedsFilteredViewController.h; sourceTree = "<group>"; };
		C399D5B01C6B41D5006375FC /* App-icon */ = {isa = PBXFileReference; lastKnownFileType = folder; path = "App-icon"; sourceTree = "<group>"; };
		C399D5B11C6B41D5006375FC /* Icons */ = {isa = PBXFileReference; lastKnownFileType = folder; path = Icons; sourceTree = "<group>"; };
		C39C610F1C242441002EE4C2 /* fmdb */ = {isa = PBXFileReference; lastKnownFileType = folder; name = fmdb; path = "/Users/administrator/Development/TicketingSPAN/Ticket monitor/fmdb"; sourceTree = "<absolute>"; };
		C39C61111C2424CA002EE4C2 /* libsqlite3.tbd */ = {isa = PBXFileReference; lastKnownFileType = "sourcecode.text-based-dylib-definition"; name = libsqlite3.tbd; path = usr/lib/libsqlite3.tbd; sourceTree = SDKROOT; };
		C39C61141C242546002EE4C2 /* FMDatabase.h */ = {isa = PBXFileReference; fileEncoding = 4; lastKnownFileType = sourcecode.c.h; name = FMDatabase.h; path = fmdb/FMDatabase.h; sourceTree = "<group>"; };
		C39C61151C242546002EE4C2 /* FMDatabase.m */ = {isa = PBXFileReference; fileEncoding = 4; lastKnownFileType = sourcecode.c.objc; name = FMDatabase.m; path = fmdb/FMDatabase.m; sourceTree = "<group>"; };
		C39C61161C242546002EE4C2 /* FMDatabaseAdditions.h */ = {isa = PBXFileReference; fileEncoding = 4; lastKnownFileType = sourcecode.c.h; name = FMDatabaseAdditions.h; path = fmdb/FMDatabaseAdditions.h; sourceTree = "<group>"; };
		C39C61171C242546002EE4C2 /* FMDatabaseAdditions.m */ = {isa = PBXFileReference; fileEncoding = 4; lastKnownFileType = sourcecode.c.objc; name = FMDatabaseAdditions.m; path = fmdb/FMDatabaseAdditions.m; sourceTree = "<group>"; };
		C39C61181C242546002EE4C2 /* FMDatabasePool.h */ = {isa = PBXFileReference; fileEncoding = 4; lastKnownFileType = sourcecode.c.h; name = FMDatabasePool.h; path = fmdb/FMDatabasePool.h; sourceTree = "<group>"; };
		C39C61191C242546002EE4C2 /* FMDatabasePool.m */ = {isa = PBXFileReference; fileEncoding = 4; lastKnownFileType = sourcecode.c.objc; name = FMDatabasePool.m; path = fmdb/FMDatabasePool.m; sourceTree = "<group>"; };
		C39C611A1C242546002EE4C2 /* FMDatabaseQueue.h */ = {isa = PBXFileReference; fileEncoding = 4; lastKnownFileType = sourcecode.c.h; name = FMDatabaseQueue.h; path = fmdb/FMDatabaseQueue.h; sourceTree = "<group>"; };
		C39C611B1C242546002EE4C2 /* FMDatabaseQueue.m */ = {isa = PBXFileReference; fileEncoding = 4; lastKnownFileType = sourcecode.c.objc; name = FMDatabaseQueue.m; path = fmdb/FMDatabaseQueue.m; sourceTree = "<group>"; };
		C39C611C1C242546002EE4C2 /* FMDB.h */ = {isa = PBXFileReference; fileEncoding = 4; lastKnownFileType = sourcecode.c.h; name = FMDB.h; path = fmdb/FMDB.h; sourceTree = "<group>"; };
		C39C611D1C242546002EE4C2 /* FMResultSet.h */ = {isa = PBXFileReference; fileEncoding = 4; lastKnownFileType = sourcecode.c.h; name = FMResultSet.h; path = fmdb/FMResultSet.h; sourceTree = "<group>"; };
		C39C611E1C242546002EE4C2 /* FMResultSet.m */ = {isa = PBXFileReference; fileEncoding = 4; lastKnownFileType = sourcecode.c.objc; name = FMResultSet.m; path = fmdb/FMResultSet.m; sourceTree = "<group>"; };
		C39C61251C2425AA002EE4C2 /* libsqlite3.0.tbd */ = {isa = PBXFileReference; lastKnownFileType = "sourcecode.text-based-dylib-definition"; name = libsqlite3.0.tbd; path = usr/lib/libsqlite3.0.tbd; sourceTree = SDKROOT; };
		C39C61391C242F5C002EE4C2 /* DBRepository.h */ = {isa = PBXFileReference; fileEncoding = 4; lastKnownFileType = sourcecode.c.h; name = DBRepository.h; path = DAL/DBRepository.h; sourceTree = "<group>"; };
		C39C613A1C242F5C002EE4C2 /* DBRepository.m */ = {isa = PBXFileReference; fileEncoding = 4; lastKnownFileType = sourcecode.c.objc; name = DBRepository.m; path = DAL/DBRepository.m; sourceTree = "<group>"; };
		C39C61401C3E6461002EE4C2 /* DataModels.h */ = {isa = PBXFileReference; fileEncoding = 4; lastKnownFileType = sourcecode.c.h; name = DataModels.h; path = Entities/DataModels.h; sourceTree = "<group>"; };
		C39C614D1C3E65FF002EE4C2 /* SLFService.h */ = {isa = PBXFileReference; fileEncoding = 4; lastKnownFileType = sourcecode.c.h; name = SLFService.h; path = Entities/SLFService.h; sourceTree = "<group>"; };
		C39C614E1C3E65FF002EE4C2 /* SLFService.m */ = {isa = PBXFileReference; fileEncoding = 4; lastKnownFileType = sourcecode.c.objc; name = SLFService.m; path = Entities/SLFService.m; sourceTree = "<group>"; };
		C39C61511C3E65FF002EE4C2 /* SLFSubject.h */ = {isa = PBXFileReference; fileEncoding = 4; lastKnownFileType = sourcecode.c.h; name = SLFSubject.h; path = Entities/SLFSubject.h; sourceTree = "<group>"; };
		C39C61521C3E65FF002EE4C2 /* SLFSubject.m */ = {isa = PBXFileReference; fileEncoding = 4; lastKnownFileType = sourcecode.c.objc; name = SLFSubject.m; path = Entities/SLFSubject.m; sourceTree = "<group>"; };
		C39C61531C3E65FF002EE4C2 /* SLFSubjectsResponse.h */ = {isa = PBXFileReference; fileEncoding = 4; lastKnownFileType = sourcecode.c.h; name = SLFSubjectsResponse.h; path = Entities/SLFSubjectsResponse.h; sourceTree = "<group>"; };
		C39C61541C3E65FF002EE4C2 /* SLFSubjectsResponse.m */ = {isa = PBXFileReference; fileEncoding = 4; lastKnownFileType = sourcecode.c.objc; name = SLFSubjectsResponse.m; path = Entities/SLFSubjectsResponse.m; sourceTree = "<group>"; };
		C39C61591C3E6757002EE4C2 /* SLFCompany.h */ = {isa = PBXFileReference; fileEncoding = 4; lastKnownFileType = sourcecode.c.h; name = SLFCompany.h; path = Entities/SLFCompany.h; sourceTree = "<group>"; };
		C39C615A1C3E6757002EE4C2 /* SLFCompany.m */ = {isa = PBXFileReference; fileEncoding = 4; lastKnownFileType = sourcecode.c.objc; name = SLFCompany.m; path = Entities/SLFCompany.m; sourceTree = "<group>"; };
		C39C615B1C3E6757002EE4C2 /* SLFCompaniesResponse.h */ = {isa = PBXFileReference; fileEncoding = 4; lastKnownFileType = sourcecode.c.h; name = SLFCompaniesResponse.h; path = Entities/SLFCompaniesResponse.h; sourceTree = "<group>"; };
		C39C615C1C3E6757002EE4C2 /* SLFCompaniesResponse.m */ = {isa = PBXFileReference; fileEncoding = 4; lastKnownFileType = sourcecode.c.objc; name = SLFCompaniesResponse.m; path = Entities/SLFCompaniesResponse.m; sourceTree = "<group>"; };
		C39C615F1C3E6AFB002EE4C2 /* SLFServicesResponse.h */ = {isa = PBXFileReference; fileEncoding = 4; lastKnownFileType = sourcecode.c.h; name = SLFServicesResponse.h; path = Entities/SLFServicesResponse.h; sourceTree = "<group>"; };
		C39C61601C3E6AFB002EE4C2 /* SLFServicesResponse.m */ = {isa = PBXFileReference; fileEncoding = 4; lastKnownFileType = sourcecode.c.objc; name = SLFServicesResponse.m; path = Entities/SLFServicesResponse.m; sourceTree = "<group>"; };
		C39C61621C3E6DB0002EE4C2 /* SLFGroup.h */ = {isa = PBXFileReference; fileEncoding = 4; lastKnownFileType = sourcecode.c.h; name = SLFGroup.h; path = Entities/SLFGroup.h; sourceTree = "<group>"; };
		C39C61631C3E6DB0002EE4C2 /* SLFGroup.m */ = {isa = PBXFileReference; fileEncoding = 4; lastKnownFileType = sourcecode.c.objc; name = SLFGroup.m; path = Entities/SLFGroup.m; sourceTree = "<group>"; };
		C39C61641C3E6DB0002EE4C2 /* SLFSubscription.h */ = {isa = PBXFileReference; fileEncoding = 4; lastKnownFileType = sourcecode.c.h; name = SLFSubscription.h; path = Entities/SLFSubscription.h; sourceTree = "<group>"; };
		C39C61651C3E6DB0002EE4C2 /* SLFSubscription.m */ = {isa = PBXFileReference; fileEncoding = 4; lastKnownFileType = sourcecode.c.objc; name = SLFSubscription.m; path = Entities/SLFSubscription.m; sourceTree = "<group>"; };
		C39C61661C3E6DB0002EE4C2 /* SLFSubscriptionsResponse.h */ = {isa = PBXFileReference; fileEncoding = 4; lastKnownFileType = sourcecode.c.h; name = SLFSubscriptionsResponse.h; path = Entities/SLFSubscriptionsResponse.h; sourceTree = "<group>"; };
		C39C61671C3E6DB0002EE4C2 /* SLFSubscriptionsResponse.m */ = {isa = PBXFileReference; fileEncoding = 4; lastKnownFileType = sourcecode.c.objc; name = SLFSubscriptionsResponse.m; path = Entities/SLFSubscriptionsResponse.m; sourceTree = "<group>"; };
		C39C616B1C3E6FDD002EE4C2 /* SLFDevice.h */ = {isa = PBXFileReference; fileEncoding = 4; lastKnownFileType = sourcecode.c.h; name = SLFDevice.h; path = Entities/SLFDevice.h; sourceTree = "<group>"; };
		C39C616C1C3E6FDD002EE4C2 /* SLFDevice.m */ = {isa = PBXFileReference; fileEncoding = 4; lastKnownFileType = sourcecode.c.objc; name = SLFDevice.m; path = Entities/SLFDevice.m; sourceTree = "<group>"; };
		C39C61711C3E7775002EE4C2 /* SLFRuleType.h */ = {isa = PBXFileReference; fileEncoding = 4; lastKnownFileType = sourcecode.c.h; name = SLFRuleType.h; path = Entities/SLFRuleType.h; sourceTree = "<group>"; };
		C39C61721C3E7775002EE4C2 /* SLFRuleType.m */ = {isa = PBXFileReference; fileEncoding = 4; lastKnownFileType = sourcecode.c.objc; name = SLFRuleType.m; path = Entities/SLFRuleType.m; sourceTree = "<group>"; };
		C39C61741C3E84DA002EE4C2 /* Globals.h */ = {isa = PBXFileReference; fileEncoding = 4; lastKnownFileType = sourcecode.c.h; path = Globals.h; sourceTree = "<group>"; };
		C39C61751C3E84DA002EE4C2 /* Globals.m */ = {isa = PBXFileReference; fileEncoding = 4; lastKnownFileType = sourcecode.c.objc; path = Globals.m; sourceTree = "<group>"; };
		C39C61771C3E8B0B002EE4C2 /* SLFSettings.h */ = {isa = PBXFileReference; fileEncoding = 4; lastKnownFileType = sourcecode.c.h; name = SLFSettings.h; path = Entities/SLFSettings.h; sourceTree = "<group>"; };
		C39C61781C3E8B0B002EE4C2 /* SLFSettings.m */ = {isa = PBXFileReference; fileEncoding = 4; lastKnownFileType = sourcecode.c.objc; name = SLFSettings.m; path = Entities/SLFSettings.m; sourceTree = "<group>"; };
		C39C61831C43CA84002EE4C2 /* SLFSubscriptionStatus.h */ = {isa = PBXFileReference; fileEncoding = 4; lastKnownFileType = sourcecode.c.h; name = SLFSubscriptionStatus.h; path = Entities/SLFSubscriptionStatus.h; sourceTree = "<group>"; };
		C39C61841C43CA84002EE4C2 /* SLFSubscriptionStatus.m */ = {isa = PBXFileReference; fileEncoding = 4; lastKnownFileType = sourcecode.c.objc; name = SLFSubscriptionStatus.m; path = Entities/SLFSubscriptionStatus.m; sourceTree = "<group>"; };
		C39C61861C43CCA8002EE4C2 /* SLFGroupStatus.h */ = {isa = PBXFileReference; fileEncoding = 4; lastKnownFileType = sourcecode.c.h; name = SLFGroupStatus.h; path = Entities/SLFGroupStatus.h; sourceTree = "<group>"; };
		C39C61871C43CCA8002EE4C2 /* SLFGroupStatus.m */ = {isa = PBXFileReference; fileEncoding = 4; lastKnownFileType = sourcecode.c.objc; name = SLFGroupStatus.m; path = Entities/SLFGroupStatus.m; sourceTree = "<group>"; };
		C39C61891C43CD79002EE4C2 /* SLFSubscriptionStatusesResponse.h */ = {isa = PBXFileReference; fileEncoding = 4; lastKnownFileType = sourcecode.c.h; name = SLFSubscriptionStatusesResponse.h; path = Entities/SLFSubscriptionStatusesResponse.h; sourceTree = "<group>"; };
		C39C618A1C43CD79002EE4C2 /* SLFSubscriptionStatusesResponse.m */ = {isa = PBXFileReference; fileEncoding = 4; lastKnownFileType = sourcecode.c.objc; name = SLFSubscriptionStatusesResponse.m; path = Entities/SLFSubscriptionStatusesResponse.m; sourceTree = "<group>"; };
		C39C618C1C43EC31002EE4C2 /* Synchronizer.h */ = {isa = PBXFileReference; fileEncoding = 4; lastKnownFileType = sourcecode.c.h; path = Synchronizer.h; sourceTree = "<group>"; };
		C39C618D1C43EC31002EE4C2 /* Synchronizer.m */ = {isa = PBXFileReference; fileEncoding = 4; lastKnownFileType = sourcecode.c.objc; path = Synchronizer.m; sourceTree = "<group>"; };
		C39C618F1C43F0E2002EE4C2 /* SLFHttpClient.h */ = {isa = PBXFileReference; fileEncoding = 4; lastKnownFileType = sourcecode.c.h; path = SLFHttpClient.h; sourceTree = "<group>"; };
		C39C61901C43F0E2002EE4C2 /* SLFHttpClient.m */ = {isa = PBXFileReference; fileEncoding = 4; lastKnownFileType = sourcecode.c.objc; path = SLFHttpClient.m; sourceTree = "<group>"; };
		C3A00BA01C899B92001C60C2 /* SLFDB.rdb */ = {isa = PBXFileReference; lastKnownFileType = file; name = SLFDB.rdb; path = "Ticket monitor/SLFDB.rdb"; sourceTree = "<group>"; };
		C3E999C81C47A7C00008456D /* SLFAlert.h */ = {isa = PBXFileReference; fileEncoding = 4; lastKnownFileType = sourcecode.c.h; name = SLFAlert.h; path = Entities/SLFAlert.h; sourceTree = "<group>"; };
		C3E999C91C47A7C00008456D /* SLFAlert.m */ = {isa = PBXFileReference; fileEncoding = 4; lastKnownFileType = sourcecode.c.objc; name = SLFAlert.m; path = Entities/SLFAlert.m; sourceTree = "<group>"; };
		C3E999CA1C47A7C00008456D /* SLFAps.h */ = {isa = PBXFileReference; fileEncoding = 4; lastKnownFileType = sourcecode.c.h; name = SLFAps.h; path = Entities/SLFAps.h; sourceTree = "<group>"; };
		C3E999CB1C47A7C00008456D /* SLFAps.m */ = {isa = PBXFileReference; fileEncoding = 4; lastKnownFileType = sourcecode.c.objc; name = SLFAps.m; path = Entities/SLFAps.m; sourceTree = "<group>"; };
		C3E999CC1C47A7C00008456D /* SLFNotification.h */ = {isa = PBXFileReference; fileEncoding = 4; lastKnownFileType = sourcecode.c.h; name = SLFNotification.h; path = Entities/SLFNotification.h; sourceTree = "<group>"; };
		C3E999CD1C47A7C00008456D /* SLFNotification.m */ = {isa = PBXFileReference; fileEncoding = 4; lastKnownFileType = sourcecode.c.objc; name = SLFNotification.m; path = Entities/SLFNotification.m; sourceTree = "<group>"; };
		C3E99A1F1C48FDF90008456D /* TicketDetaillViewController.h */ = {isa = PBXFileReference; fileEncoding = 4; lastKnownFileType = sourcecode.c.h; path = TicketDetaillViewController.h; sourceTree = "<group>"; };
		C3E99A201C48FDF90008456D /* TicketDetaillViewController.m */ = {isa = PBXFileReference; fileEncoding = 4; lastKnownFileType = sourcecode.c.objc; path = TicketDetaillViewController.m; sourceTree = "<group>"; };
		C3E99A471C564E7F0008456D /* SLFTicketDetail.h */ = {isa = PBXFileReference; fileEncoding = 4; lastKnownFileType = sourcecode.c.h; name = SLFTicketDetail.h; path = Entities/SLFTicketDetail.h; sourceTree = "<group>"; };
		C3E99A481C564E7F0008456D /* SLFTicketDetail.m */ = {isa = PBXFileReference; fileEncoding = 4; lastKnownFileType = sourcecode.c.objc; name = SLFTicketDetail.m; path = Entities/SLFTicketDetail.m; sourceTree = "<group>"; };
		C3E99A4A1C5F976E0008456D /* NewGroupViewController.h */ = {isa = PBXFileReference; fileEncoding = 4; lastKnownFileType = sourcecode.c.h; path = NewGroupViewController.h; sourceTree = "<group>"; };
		C3E99A4B1C5F976E0008456D /* NewGroupViewController.m */ = {isa = PBXFileReference; fileEncoding = 4; lastKnownFileType = sourcecode.c.objc; path = NewGroupViewController.m; sourceTree = "<group>"; };
		C3E99A4D1C64D7FF0008456D /* SearchTableViewController.h */ = {isa = PBXFileReference; fileEncoding = 4; lastKnownFileType = sourcecode.c.h; path = SearchTableViewController.h; sourceTree = "<group>"; };
		C3E99A4E1C64D7FF0008456D /* SearchTableViewController.m */ = {isa = PBXFileReference; fileEncoding = 4; lastKnownFileType = sourcecode.c.objc; path = SearchTableViewController.m; sourceTree = "<group>"; };
		C3F47C461D913D76001E4D72 /* SPAN Live Feed.entitlements */ = {isa = PBXFileReference; lastKnownFileType = text.plist.entitlements; path = "SPAN Live Feed.entitlements"; sourceTree = "<group>"; };
		C3F47C4A1D914B53001E4D72 /* public */ = {isa = PBXFileReference; lastKnownFileType = folder; name = public; path = "/Users/administrator/Development/TicketingSPAN/Ticket monitor/ADALiOS/public"; sourceTree = "<absolute>"; };
		C3F7EB321D915B13005B12DC /* ADAL.framework */ = {isa = PBXFileReference; lastKnownFileType = wrapper.framework; path = ADAL.framework; sourceTree = "<group>"; };
		C3F7EB341D915F56005B12DC /* libADAL-core.a */ = {isa = PBXFileReference; lastKnownFileType = archive.ar; path = "libADAL-core.a"; sourceTree = "<group>"; };
		C3F7EB3D1D92673F005B12DC /* UserNotifications.framework */ = {isa = PBXFileReference; lastKnownFileType = wrapper.framework; name = UserNotifications.framework; path = System/Library/Frameworks/UserNotifications.framework; sourceTree = SDKROOT; };
		C3F7EB461D927EC7005B12DC /* AFNetworking.framework */ = {isa = PBXFileReference; lastKnownFileType = wrapper.framework; path = AFNetworking.framework; sourceTree = "<group>"; };
/* End PBXFileReference section */

/* Begin PBXFrameworksBuildPhase section */
		BCCF696B1C08F1AB001F0EAD /* Frameworks */ = {
			isa = PBXFrameworksBuildPhase;
			buildActionMask = 2147483647;
			files = (
				C3F7EB3E1D92673F005B12DC /* UserNotifications.framework in Frameworks */,
				C3F7EB331D915B13005B12DC /* ADAL.framework in Frameworks */,
				C3F7EB471D927EC7005B12DC /* AFNetworking.framework in Frameworks */,
				C39C61261C2425AA002EE4C2 /* libsqlite3.0.tbd in Frameworks */,
				C3F7EB351D915F56005B12DC /* libADAL-core.a in Frameworks */,
				BCCF6BC81C0903DC001F0EAD /* Foundation.framework in Frameworks */,
				BCCF6BC61C0903D1001F0EAD /* UIKit.framework in Frameworks */,
			);
			runOnlyForDeploymentPostprocessing = 0;
		};
		BCCF69871C08F1AC001F0EAD /* Frameworks */ = {
			isa = PBXFrameworksBuildPhase;
			buildActionMask = 2147483647;
			files = (
			);
			runOnlyForDeploymentPostprocessing = 0;
		};
		BCCF69921C08F1AC001F0EAD /* Frameworks */ = {
			isa = PBXFrameworksBuildPhase;
			buildActionMask = 2147483647;
			files = (
			);
			runOnlyForDeploymentPostprocessing = 0;
		};
/* End PBXFrameworksBuildPhase section */

/* Begin PBXGroup section */
		BCCF69651C08F1AB001F0EAD = {
			isa = PBXGroup;
			children = (
				C3F47C461D913D76001E4D72 /* SPAN Live Feed.entitlements */,
				C3A00BA01C899B92001C60C2 /* SLFDB.rdb */,
				C399D5B01C6B41D5006375FC /* App-icon */,
				C399D5B11C6B41D5006375FC /* Icons */,
				C39C61241C242554002EE4C2 /* FMDatabase */,
				BCCF6BC91C0903F3001F0EAD /* Frameworks */,
				BCCF69701C08F1AB001F0EAD /* Ticket monitor */,
				BCCF696F1C08F1AB001F0EAD /* Products */,
			);
			sourceTree = "<group>";
		};
		BCCF696F1C08F1AB001F0EAD /* Products */ = {
			isa = PBXGroup;
			children = (
				BCCF696E1C08F1AB001F0EAD /* SPAN Live Feed.app */,
				BCCF698A1C08F1AC001F0EAD /* SPAN Live FeedTests.xctest */,
				BCCF69951C08F1AC001F0EAD /* SPAN Live FeedTests.xctest */,
			);
			name = Products;
			sourceTree = "<group>";
		};
		BCCF69701C08F1AB001F0EAD /* Ticket monitor */ = {
			isa = PBXGroup;
			children = (
				C386A8F01CA279CD00B11F78 /* FeedsFilteredViewController.m */,
				C386A8F11CA279CD00B11F78 /* FeedsFilteredViewController.h */,
				C3E99A1F1C48FDF90008456D /* TicketDetaillViewController.h */,
				C3E99A201C48FDF90008456D /* TicketDetaillViewController.m */,
				C39C61291C24266F002EE4C2 /* Entities */,
				C39C61281C242655002EE4C2 /* MobileAPI */,
				C39C61271C24264B002EE4C2 /* DAL */,
				BCCF69741C08F1AC001F0EAD /* AppDelegate.h */,
				BCCF69751C08F1AC001F0EAD /* AppDelegate.m */,
				BCCF69771C08F1AC001F0EAD /* FirstViewController.h */,
				BCCF69781C08F1AC001F0EAD /* FirstViewController.m */,
				BCCF697A1C08F1AC001F0EAD /* SecondViewController.h */,
				BCCF697B1C08F1AC001F0EAD /* SecondViewController.m */,
				BCCF697D1C08F1AC001F0EAD /* Main.storyboard */,
				BCCF69821C08F1AC001F0EAD /* LaunchScreen.storyboard */,
				BCCF69851C08F1AC001F0EAD /* Info.plist */,
				BCCF69711C08F1AB001F0EAD /* Supporting Files */,
				BCCF6BCA1C090812001F0EAD /* PrefixHeader.pch */,
				C39C61741C3E84DA002EE4C2 /* Globals.h */,
				C39C61751C3E84DA002EE4C2 /* Globals.m */,
				C39C618C1C43EC31002EE4C2 /* Synchronizer.h */,
				C39C618D1C43EC31002EE4C2 /* Synchronizer.m */,
				C3E99A4A1C5F976E0008456D /* NewGroupViewController.h */,
				C3E99A4B1C5F976E0008456D /* NewGroupViewController.m */,
				C3E99A4D1C64D7FF0008456D /* SearchTableViewController.h */,
				C3E99A4E1C64D7FF0008456D /* SearchTableViewController.m */,
				C363DDCB1C6B22A800158A29 /* Images.xcassets */,
				C372AC251CCE61E30030CC0C /* TicketDetailViewCell.h */,
				C372AC261CCE61E30030CC0C /* TicketDetailViewCell.m */,
			);
			path = "Ticket monitor";
			sourceTree = "<group>";
		};
		BCCF69711C08F1AB001F0EAD /* Supporting Files */ = {
			isa = PBXGroup;
			children = (
				BCCF69721C08F1AC001F0EAD /* main.m */,
			);
			name = "Supporting Files";
			sourceTree = "<group>";
		};
		BCCF6BC91C0903F3001F0EAD /* Frameworks */ = {
			isa = PBXGroup;
			children = (
				C3F7EB461D927EC7005B12DC /* AFNetworking.framework */,
				C3F7EB3D1D92673F005B12DC /* UserNotifications.framework */,
				C3F7EB341D915F56005B12DC /* libADAL-core.a */,
				C3F7EB321D915B13005B12DC /* ADAL.framework */,
				C39C61251C2425AA002EE4C2 /* libsqlite3.0.tbd */,
				C39C61111C2424CA002EE4C2 /* libsqlite3.tbd */,
				BCCF6BC51C0903D0001F0EAD /* UIKit.framework */,
				BCCF6BC71C0903DC001F0EAD /* Foundation.framework */,
			);
			name = Frameworks;
			sourceTree = "<group>";
		};
		C39C61241C242554002EE4C2 /* FMDatabase */ = {
			isa = PBXGroup;
			children = (
				C39C61161C242546002EE4C2 /* FMDatabaseAdditions.h */,
				C39C61171C242546002EE4C2 /* FMDatabaseAdditions.m */,
				C39C61181C242546002EE4C2 /* FMDatabasePool.h */,
				C39C61191C242546002EE4C2 /* FMDatabasePool.m */,
				C39C611A1C242546002EE4C2 /* FMDatabaseQueue.h */,
				C39C611B1C242546002EE4C2 /* FMDatabaseQueue.m */,
				C39C611C1C242546002EE4C2 /* FMDB.h */,
				C39C611D1C242546002EE4C2 /* FMResultSet.h */,
				C39C611E1C242546002EE4C2 /* FMResultSet.m */,
				C39C61151C242546002EE4C2 /* FMDatabase.m */,
				C39C61141C242546002EE4C2 /* FMDatabase.h */,
			);
			name = FMDatabase;
			sourceTree = "<group>";
		};
		C39C61271C24264B002EE4C2 /* DAL */ = {
			isa = PBXGroup;
			children = (
				C39C61391C242F5C002EE4C2 /* DBRepository.h */,
				C39C613A1C242F5C002EE4C2 /* DBRepository.m */,
			);
			name = DAL;
			sourceTree = "<group>";
		};
		C39C61281C242655002EE4C2 /* MobileAPI */ = {
			isa = PBXGroup;
			children = (
				C39C618F1C43F0E2002EE4C2 /* SLFHttpClient.h */,
				C39C61901C43F0E2002EE4C2 /* SLFHttpClient.m */,
			);
			name = MobileAPI;
			sourceTree = "<group>";
		};
		C39C61291C24266F002EE4C2 /* Entities */ = {
			isa = PBXGroup;
			children = (
				C3E99A471C564E7F0008456D /* SLFTicketDetail.h */,
				C3E99A481C564E7F0008456D /* SLFTicketDetail.m */,
				C3E999C81C47A7C00008456D /* SLFAlert.h */,
				C3E999C91C47A7C00008456D /* SLFAlert.m */,
				C3E999CA1C47A7C00008456D /* SLFAps.h */,
				C3E999CB1C47A7C00008456D /* SLFAps.m */,
				C3E999CC1C47A7C00008456D /* SLFNotification.h */,
				C3E999CD1C47A7C00008456D /* SLFNotification.m */,
				C39C61891C43CD79002EE4C2 /* SLFSubscriptionStatusesResponse.h */,
				C39C618A1C43CD79002EE4C2 /* SLFSubscriptionStatusesResponse.m */,
				C39C61861C43CCA8002EE4C2 /* SLFGroupStatus.h */,
				C39C61871C43CCA8002EE4C2 /* SLFGroupStatus.m */,
				C39C61831C43CA84002EE4C2 /* SLFSubscriptionStatus.h */,
				C39C61841C43CA84002EE4C2 /* SLFSubscriptionStatus.m */,
				C39C616B1C3E6FDD002EE4C2 /* SLFDevice.h */,
				C39C616C1C3E6FDD002EE4C2 /* SLFDevice.m */,
				C39C61621C3E6DB0002EE4C2 /* SLFGroup.h */,
				C39C61631C3E6DB0002EE4C2 /* SLFGroup.m */,
				C39C61641C3E6DB0002EE4C2 /* SLFSubscription.h */,
				C39C61651C3E6DB0002EE4C2 /* SLFSubscription.m */,
				C39C61661C3E6DB0002EE4C2 /* SLFSubscriptionsResponse.h */,
				C39C61671C3E6DB0002EE4C2 /* SLFSubscriptionsResponse.m */,
				C39C615F1C3E6AFB002EE4C2 /* SLFServicesResponse.h */,
				C39C61601C3E6AFB002EE4C2 /* SLFServicesResponse.m */,
				C39C61591C3E6757002EE4C2 /* SLFCompany.h */,
				C39C615A1C3E6757002EE4C2 /* SLFCompany.m */,
				C39C615B1C3E6757002EE4C2 /* SLFCompaniesResponse.h */,
				C39C615C1C3E6757002EE4C2 /* SLFCompaniesResponse.m */,
				C39C614D1C3E65FF002EE4C2 /* SLFService.h */,
				C39C614E1C3E65FF002EE4C2 /* SLFService.m */,
				C39C61511C3E65FF002EE4C2 /* SLFSubject.h */,
				C39C61521C3E65FF002EE4C2 /* SLFSubject.m */,
				C39C61531C3E65FF002EE4C2 /* SLFSubjectsResponse.h */,
				C39C61541C3E65FF002EE4C2 /* SLFSubjectsResponse.m */,
				C39C61401C3E6461002EE4C2 /* DataModels.h */,
				C39C61711C3E7775002EE4C2 /* SLFRuleType.h */,
				C39C61721C3E7775002EE4C2 /* SLFRuleType.m */,
				C39C61771C3E8B0B002EE4C2 /* SLFSettings.h */,
				C39C61781C3E8B0B002EE4C2 /* SLFSettings.m */,
				C3777D6B1C9AA4C900C5F5D7 /* SLFGroupedItem.h */,
				C3777D6C1C9AA4C900C5F5D7 /* SLFGroupedItem.m */,
			);
			name = Entities;
			sourceTree = "<group>";
		};
/* End PBXGroup section */

/* Begin PBXNativeTarget section */
		BCCF696D1C08F1AB001F0EAD /* SPAN Live Feed */ = {
			isa = PBXNativeTarget;
			buildConfigurationList = BCCF699E1C08F1AC001F0EAD /* Build configuration list for PBXNativeTarget "SPAN Live Feed" */;
			buildPhases = (
				BCCF696A1C08F1AB001F0EAD /* Sources */,
				BCCF696B1C08F1AB001F0EAD /* Frameworks */,
				BCCF696C1C08F1AB001F0EAD /* Resources */,
				C3F7EB3B1D91642B005B12DC /* Embed Frameworks */,
			);
			buildRules = (
			);
			dependencies = (
			);
			name = "SPAN Live Feed";
			productName = "Ticket monitor";
			productReference = BCCF696E1C08F1AB001F0EAD /* SPAN Live Feed.app */;
			productType = "com.apple.product-type.application";
		};
		BCCF69891C08F1AC001F0EAD /* SPAN Live FeedTests */ = {
			isa = PBXNativeTarget;
			buildConfigurationList = BCCF69A11C08F1AC001F0EAD /* Build configuration list for PBXNativeTarget "SPAN Live FeedTests" */;
			buildPhases = (
				BCCF69861C08F1AC001F0EAD /* Sources */,
				BCCF69871C08F1AC001F0EAD /* Frameworks */,
				BCCF69881C08F1AC001F0EAD /* Resources */,
			);
			buildRules = (
			);
			dependencies = (
				BCCF698C1C08F1AC001F0EAD /* PBXTargetDependency */,
			);
			name = "SPAN Live FeedTests";
			productName = "Ticket monitorTests";
			productReference = BCCF698A1C08F1AC001F0EAD /* SPAN Live FeedTests.xctest */;
			productType = "com.apple.product-type.bundle.unit-test";
		};
		BCCF69941C08F1AC001F0EAD /* SPAN Live FeedUITests */ = {
			isa = PBXNativeTarget;
			buildConfigurationList = BCCF69A41C08F1AC001F0EAD /* Build configuration list for PBXNativeTarget "SPAN Live FeedUITests" */;
			buildPhases = (
				BCCF69911C08F1AC001F0EAD /* Sources */,
				BCCF69921C08F1AC001F0EAD /* Frameworks */,
				BCCF69931C08F1AC001F0EAD /* Resources */,
			);
			buildRules = (
			);
			dependencies = (
				BCCF69971C08F1AC001F0EAD /* PBXTargetDependency */,
			);
			name = "SPAN Live FeedUITests";
			productName = "Ticket monitorUITests";
			productReference = BCCF69951C08F1AC001F0EAD /* SPAN Live FeedTests.xctest */;
			productType = "com.apple.product-type.bundle.ui-testing";
		};
/* End PBXNativeTarget section */

/* Begin PBXProject section */
		BCCF69661C08F1AB001F0EAD /* Project object */ = {
			isa = PBXProject;
			attributes = {
				LastUpgradeCheck = 0800;
				ORGANIZATIONNAME = "Domagoj Fabricni";
				TargetAttributes = {
					BCCF696D1C08F1AB001F0EAD = {
						CreatedOnToolsVersion = 7.1.1;
						DevelopmentTeam = 76HPNVM3Z5;
						SystemCapabilities = {
							com.apple.BackgroundModes = {
								enabled = 1;
							};
							com.apple.Push = {
								enabled = 1;
							};
						};
					};
					BCCF69891C08F1AC001F0EAD = {
						CreatedOnToolsVersion = 7.1.1;
						TestTargetID = BCCF696D1C08F1AB001F0EAD;
					};
					BCCF69941C08F1AC001F0EAD = {
						CreatedOnToolsVersion = 7.1.1;
						TestTargetID = BCCF696D1C08F1AB001F0EAD;
					};
				};
			};
			buildConfigurationList = BCCF69691C08F1AB001F0EAD /* Build configuration list for PBXProject "SPAN Live Feed" */;
			compatibilityVersion = "Xcode 3.2";
			developmentRegion = English;
			hasScannedForEncodings = 0;
			knownRegions = (
				en,
				Base,
			);
			mainGroup = BCCF69651C08F1AB001F0EAD;
			productRefGroup = BCCF696F1C08F1AB001F0EAD /* Products */;
			projectDirPath = "";
			projectRoot = "";
			targets = (
				BCCF696D1C08F1AB001F0EAD /* SPAN Live Feed */,
				BCCF69891C08F1AC001F0EAD /* SPAN Live FeedTests */,
				BCCF69941C08F1AC001F0EAD /* SPAN Live FeedUITests */,
			);
		};
/* End PBXProject section */

/* Begin PBXResourcesBuildPhase section */
		BCCF696C1C08F1AB001F0EAD /* Resources */ = {
			isa = PBXResourcesBuildPhase;
			buildActionMask = 2147483647;
			files = (
				C3F7EB381D91616B005B12DC /* libADAL-core.a in Resources */,
				C399D5B31C6B41D5006375FC /* Icons in Resources */,
				C363DDCC1C6B22A800158A29 /* Images.xcassets in Resources */,
				C39C61101C242441002EE4C2 /* fmdb in Resources */,
				C3F47C511D914B53001E4D72 /* public in Resources */,
				BCCF69841C08F1AC001F0EAD /* LaunchScreen.storyboard in Resources */,
				C3A00BA11C899B92001C60C2 /* SLFDB.rdb in Resources */,
				BCCF697F1C08F1AC001F0EAD /* Main.storyboard in Resources */,
				C399D5B21C6B41D5006375FC /* App-icon in Resources */,
			);
			runOnlyForDeploymentPostprocessing = 0;
		};
		BCCF69881C08F1AC001F0EAD /* Resources */ = {
			isa = PBXResourcesBuildPhase;
			buildActionMask = 2147483647;
			files = (
			);
			runOnlyForDeploymentPostprocessing = 0;
		};
		BCCF69931C08F1AC001F0EAD /* Resources */ = {
			isa = PBXResourcesBuildPhase;
			buildActionMask = 2147483647;
			files = (
			);
			runOnlyForDeploymentPostprocessing = 0;
		};
/* End PBXResourcesBuildPhase section */

/* Begin PBXSourcesBuildPhase section */
		BCCF696A1C08F1AB001F0EAD /* Sources */ = {
			isa = PBXSourcesBuildPhase;
			buildActionMask = 2147483647;
			files = (
				C39C61791C3E8B0B002EE4C2 /* SLFSettings.m in Sources */,
				C39C61581C3E65FF002EE4C2 /* SLFSubjectsResponse.m in Sources */,
				C39C61761C3E84DA002EE4C2 /* Globals.m in Sources */,
				C39C616A1C3E6DB0002EE4C2 /* SLFSubscriptionsResponse.m in Sources */,
				C3777D6D1C9AA4C900C5F5D7 /* SLFGroupedItem.m in Sources */,
				C39C61551C3E65FF002EE4C2 /* SLFService.m in Sources */,
				C3E999CE1C47A7C00008456D /* SLFAlert.m in Sources */,
				C39C61851C43CA84002EE4C2 /* SLFSubscriptionStatus.m in Sources */,
				BCCF697C1C08F1AC001F0EAD /* SecondViewController.m in Sources */,
				C39C61881C43CCA8002EE4C2 /* SLFGroupStatus.m in Sources */,
				BCCF69761C08F1AC001F0EAD /* AppDelegate.m in Sources */,
				C39C61611C3E6AFB002EE4C2 /* SLFServicesResponse.m in Sources */,
				C372AC271CCE61E30030CC0C /* TicketDetailViewCell.m in Sources */,
				C39C618E1C43EC31002EE4C2 /* Synchronizer.m in Sources */,
				C39C61681C3E6DB0002EE4C2 /* SLFGroup.m in Sources */,
				C39C61571C3E65FF002EE4C2 /* SLFSubject.m in Sources */,
				C3E99A4F1C64D7FF0008456D /* SearchTableViewController.m in Sources */,
				C39C615E1C3E6757002EE4C2 /* SLFCompaniesResponse.m in Sources */,
				BCCF69791C08F1AC001F0EAD /* FirstViewController.m in Sources */,
				C39C61221C242547002EE4C2 /* FMDatabaseQueue.m in Sources */,
				C39C61211C242547002EE4C2 /* FMDatabasePool.m in Sources */,
				C39C61731C3E7775002EE4C2 /* SLFRuleType.m in Sources */,
				C3E99A221C48FDF90008456D /* TicketDetaillViewController.m in Sources */,
				C3E999D01C47A7C00008456D /* SLFNotification.m in Sources */,
				C39C611F1C242546002EE4C2 /* FMDatabase.m in Sources */,
				C39C61231C242547002EE4C2 /* FMResultSet.m in Sources */,
				C39C615D1C3E6757002EE4C2 /* SLFCompany.m in Sources */,
				C39C61911C43F0E2002EE4C2 /* SLFHttpClient.m in Sources */,
				C39C616D1C3E6FDD002EE4C2 /* SLFDevice.m in Sources */,
				C3E99A4C1C5F976E0008456D /* NewGroupViewController.m in Sources */,
				C3E999CF1C47A7C00008456D /* SLFAps.m in Sources */,
				C3E99A491C564E7F0008456D /* SLFTicketDetail.m in Sources */,
				C39C618B1C43CD79002EE4C2 /* SLFSubscriptionStatusesResponse.m in Sources */,
				C39C61201C242547002EE4C2 /* FMDatabaseAdditions.m in Sources */,
				C39C61691C3E6DB0002EE4C2 /* SLFSubscription.m in Sources */,
				BCCF69731C08F1AC001F0EAD /* main.m in Sources */,
				C39C613B1C242F5C002EE4C2 /* DBRepository.m in Sources */,
				C386A8F21CA279CD00B11F78 /* FeedsFilteredViewController.m in Sources */,
			);
			runOnlyForDeploymentPostprocessing = 0;
		};
		BCCF69861C08F1AC001F0EAD /* Sources */ = {
			isa = PBXSourcesBuildPhase;
			buildActionMask = 2147483647;
			files = (
			);
			runOnlyForDeploymentPostprocessing = 0;
		};
		BCCF69911C08F1AC001F0EAD /* Sources */ = {
			isa = PBXSourcesBuildPhase;
			buildActionMask = 2147483647;
			files = (
			);
			runOnlyForDeploymentPostprocessing = 0;
		};
/* End PBXSourcesBuildPhase section */

/* Begin PBXTargetDependency section */
		BCCF698C1C08F1AC001F0EAD /* PBXTargetDependency */ = {
			isa = PBXTargetDependency;
			target = BCCF696D1C08F1AB001F0EAD /* SPAN Live Feed */;
			targetProxy = BCCF698B1C08F1AC001F0EAD /* PBXContainerItemProxy */;
		};
		BCCF69971C08F1AC001F0EAD /* PBXTargetDependency */ = {
			isa = PBXTargetDependency;
			target = BCCF696D1C08F1AB001F0EAD /* SPAN Live Feed */;
			targetProxy = BCCF69961C08F1AC001F0EAD /* PBXContainerItemProxy */;
		};
/* End PBXTargetDependency section */

/* Begin PBXVariantGroup section */
		BCCF697D1C08F1AC001F0EAD /* Main.storyboard */ = {
			isa = PBXVariantGroup;
			children = (
				BCCF697E1C08F1AC001F0EAD /* Base */,
			);
			name = Main.storyboard;
			sourceTree = "<group>";
		};
		BCCF69821C08F1AC001F0EAD /* LaunchScreen.storyboard */ = {
			isa = PBXVariantGroup;
			children = (
				BCCF69831C08F1AC001F0EAD /* Base */,
			);
			name = LaunchScreen.storyboard;
			sourceTree = "<group>";
		};
/* End PBXVariantGroup section */

/* Begin XCBuildConfiguration section */
		BCCF699C1C08F1AC001F0EAD /* Debug */ = {
			isa = XCBuildConfiguration;
			buildSettings = {
				ALWAYS_SEARCH_USER_PATHS = NO;
				CLANG_CXX_LANGUAGE_STANDARD = "gnu++0x";
				CLANG_CXX_LIBRARY = "libc++";
				CLANG_ENABLE_MODULES = YES;
				CLANG_ENABLE_OBJC_ARC = YES;
				CLANG_WARN_BOOL_CONVERSION = YES;
				CLANG_WARN_CONSTANT_CONVERSION = YES;
				CLANG_WARN_DIRECT_OBJC_ISA_USAGE = YES_ERROR;
				CLANG_WARN_EMPTY_BODY = YES;
				CLANG_WARN_ENUM_CONVERSION = YES;
				CLANG_WARN_INFINITE_RECURSION = YES;
				CLANG_WARN_INT_CONVERSION = YES;
				CLANG_WARN_OBJC_ROOT_CLASS = YES_ERROR;
				CLANG_WARN_SUSPICIOUS_MOVE = YES;
				CLANG_WARN_UNREACHABLE_CODE = YES;
				CLANG_WARN__DUPLICATE_METHOD_MATCH = YES;
				CODE_SIGN_IDENTITY = "iPhone Developer: Domagoj Fabricni (FG634J27KE)";
				"CODE_SIGN_IDENTITY[sdk=iphoneos*]" = "iPhone Developer: Domagoj Fabricni (FG634J27KE)";
				COPY_PHASE_STRIP = NO;
				DEBUG_INFORMATION_FORMAT = dwarf;
				ENABLE_STRICT_OBJC_MSGSEND = YES;
				ENABLE_TESTABILITY = YES;
				GCC_C_LANGUAGE_STANDARD = gnu99;
				GCC_DYNAMIC_NO_PIC = NO;
				GCC_NO_COMMON_BLOCKS = YES;
				GCC_OPTIMIZATION_LEVEL = 0;
				GCC_PREPROCESSOR_DEFINITIONS = (
					"DEBUG=1",
					"$(inherited)",
				);
				GCC_WARN_64_TO_32_BIT_CONVERSION = YES;
				GCC_WARN_ABOUT_RETURN_TYPE = YES_ERROR;
				GCC_WARN_UNDECLARED_SELECTOR = YES;
				GCC_WARN_UNINITIALIZED_AUTOS = YES_AGGRESSIVE;
				GCC_WARN_UNUSED_FUNCTION = YES;
				GCC_WARN_UNUSED_VARIABLE = YES;
				IPHONEOS_DEPLOYMENT_TARGET = 9.1;
				MTL_ENABLE_DEBUG_INFO = YES;
				ONLY_ACTIVE_ARCH = NO;
				"OTHER_CODE_SIGN_FLAGS[sdk=*]" = "";
				PROVISIONING_PROFILE = "55072486-d2dd-42c2-81b9-67db13a51f5c";
				SDKROOT = iphoneos;
				TARGETED_DEVICE_FAMILY = "1,2";
				VALID_ARCHS = "arm64 armv7 armv7s i386 x86_64";
			};
			name = Debug;
		};
		BCCF699D1C08F1AC001F0EAD /* Release */ = {
			isa = XCBuildConfiguration;
			buildSettings = {
				ALWAYS_SEARCH_USER_PATHS = NO;
				CLANG_CXX_LANGUAGE_STANDARD = "gnu++0x";
				CLANG_CXX_LIBRARY = "libc++";
				CLANG_ENABLE_MODULES = YES;
				CLANG_ENABLE_OBJC_ARC = YES;
				CLANG_WARN_BOOL_CONVERSION = YES;
				CLANG_WARN_CONSTANT_CONVERSION = YES;
				CLANG_WARN_DIRECT_OBJC_ISA_USAGE = YES_ERROR;
				CLANG_WARN_EMPTY_BODY = YES;
				CLANG_WARN_ENUM_CONVERSION = YES;
				CLANG_WARN_INFINITE_RECURSION = YES;
				CLANG_WARN_INT_CONVERSION = YES;
				CLANG_WARN_OBJC_ROOT_CLASS = YES_ERROR;
				CLANG_WARN_SUSPICIOUS_MOVE = YES;
				CLANG_WARN_UNREACHABLE_CODE = YES;
				CLANG_WARN__DUPLICATE_METHOD_MATCH = YES;
				CODE_SIGN_IDENTITY = "iPhone Distribution: SPAN d.o.o. za projektiranje informacijskih sustava";
				"CODE_SIGN_IDENTITY[sdk=iphoneos*]" = "iPhone Distribution: SPAN d.o.o. za projektiranje informacijskih sustava";
				COPY_PHASE_STRIP = NO;
				DEBUG_INFORMATION_FORMAT = "dwarf-with-dsym";
				ENABLE_NS_ASSERTIONS = NO;
				ENABLE_STRICT_OBJC_MSGSEND = YES;
				GCC_C_LANGUAGE_STANDARD = gnu99;
				GCC_NO_COMMON_BLOCKS = YES;
				GCC_WARN_64_TO_32_BIT_CONVERSION = YES;
				GCC_WARN_ABOUT_RETURN_TYPE = YES_ERROR;
				GCC_WARN_UNDECLARED_SELECTOR = YES;
				GCC_WARN_UNINITIALIZED_AUTOS = YES_AGGRESSIVE;
				GCC_WARN_UNUSED_FUNCTION = YES;
				GCC_WARN_UNUSED_VARIABLE = YES;
				IPHONEOS_DEPLOYMENT_TARGET = 9.1;
				MTL_ENABLE_DEBUG_INFO = NO;
				PROVISIONING_PROFILE = "cb14457b-33f1-4544-b2a5-259a701b11d4";
				"PROVISIONING_PROFILE[sdk=*]" = "5baf52e6-dd1e-47db-b362-f6d3d2d2befb";
				SDKROOT = iphoneos;
				TARGETED_DEVICE_FAMILY = "1,2";
				VALIDATE_PRODUCT = YES;
				VALID_ARCHS = "arm64 armv7 armv7s i386 x86_64";
			};
			name = Release;
		};
		BCCF699F1C08F1AC001F0EAD /* Debug */ = {
			isa = XCBuildConfiguration;
			buildSettings = {
				ASSETCATALOG_COMPILER_APPICON_NAME = AppIcon;
				ASSETCATALOG_COMPILER_LAUNCHIMAGE_NAME = "Brand Assets";
				CODE_SIGN_ENTITLEMENTS = "SPAN Live Feed.entitlements";
				CODE_SIGN_IDENTITY = "iPhone Developer: Domagoj Fabricni (FG634J27KE)";
				"CODE_SIGN_IDENTITY[sdk=iphoneos*]" = "iPhone Developer: Domagoj Fabricni (FG634J27KE)";
				ENABLE_BITCODE = NO;
				FRAMEWORK_SEARCH_PATHS = (
					"$(inherited)",
					"$(PROJECT_DIR)",
				);
				INFOPLIST_FILE = "Ticket monitor/Info.plist";
				IPHONEOS_DEPLOYMENT_TARGET = 10.0;
				LD_RUNPATH_SEARCH_PATHS = "$(inherited) @executable_path/Frameworks";
				LIBRARY_SEARCH_PATHS = (
					"$(inherited)",
					"$(PROJECT_DIR)",
				);
				ONLY_ACTIVE_ARCH = NO;
				OTHER_CODE_SIGN_FLAGS = "-deep";
				"OTHER_CODE_SIGN_FLAGS[sdk=*]" = "";
				PRECOMPS_INCLUDE_HEADERS_FROM_BUILT_PRODUCTS_DIR = YES;
				PRODUCT_BUNDLE_IDENTIFIER = eu.span.serviceDesk.SLF;
				PRODUCT_NAME = "SPAN Live Feed";
				PROVISIONING_PROFILE = "55072486-d2dd-42c2-81b9-67db13a51f5c";
			};
			name = Debug;
		};
		BCCF69A01C08F1AC001F0EAD /* Release */ = {
			isa = XCBuildConfiguration;
			buildSettings = {
				ASSETCATALOG_COMPILER_APPICON_NAME = AppIcon;
				ASSETCATALOG_COMPILER_LAUNCHIMAGE_NAME = "Brand Assets";
				CODE_SIGN_ENTITLEMENTS = "SPAN Live Feed.entitlements";
				CODE_SIGN_IDENTITY = "iPhone Distribution: SPAN d.o.o. za projektiranje informacijskih sustava";
				"CODE_SIGN_IDENTITY[sdk=iphoneos*]" = "iPhone Distribution: SPAN d.o.o. za projektiranje informacijskih sustava";
				ENABLE_BITCODE = NO;
				FRAMEWORK_SEARCH_PATHS = (
					"$(inherited)",
					"$(PROJECT_DIR)",
				);
				INFOPLIST_FILE = "Ticket monitor/Info.plist";
				IPHONEOS_DEPLOYMENT_TARGET = 10.0;
				LD_RUNPATH_SEARCH_PATHS = "$(inherited) @executable_path/Frameworks";
				LIBRARY_SEARCH_PATHS = (
					"$(inherited)",
					"$(PROJECT_DIR)",
				);
				"OTHER_CODE_SIGN_FLAGS[sdk=*]" = "-deep";
				PRECOMPS_INCLUDE_HEADERS_FROM_BUILT_PRODUCTS_DIR = YES;
				PRODUCT_BUNDLE_IDENTIFIER = eu.span.serviceDesk.SLF;
				PRODUCT_NAME = "SPAN Live Feed";
				PROVISIONING_PROFILE = "cb14457b-33f1-4544-b2a5-259a701b11d4";
			};
			name = Release;
		};
		BCCF69A21C08F1AC001F0EAD /* Debug */ = {
			isa = XCBuildConfiguration;
			buildSettings = {
				BUNDLE_LOADER = "$(TEST_HOST)";
				INFOPLIST_FILE = "Ticket monitorTests/Info.plist";
				LD_RUNPATH_SEARCH_PATHS = "$(inherited) @executable_path/Frameworks @loader_path/Frameworks";
				PRODUCT_BUNDLE_IDENTIFIER = "hr.span.dev.osijek.Ticket-monitorTests";
				PRODUCT_NAME = "SPAN Live FeedTests";
				TEST_HOST = "$(BUILT_PRODUCTS_DIR)/SPAN Live Feed.app/SPAN Live Feed";
			};
			name = Debug;
		};
		BCCF69A31C08F1AC001F0EAD /* Release */ = {
			isa = XCBuildConfiguration;
			buildSettings = {
				BUNDLE_LOADER = "$(TEST_HOST)";
				INFOPLIST_FILE = "Ticket monitorTests/Info.plist";
				LD_RUNPATH_SEARCH_PATHS = "$(inherited) @executable_path/Frameworks @loader_path/Frameworks";
				PRODUCT_BUNDLE_IDENTIFIER = "hr.span.dev.osijek.Ticket-monitorTests";
				PRODUCT_NAME = "SPAN Live FeedTests";
				TEST_HOST = "$(BUILT_PRODUCTS_DIR)/SPAN Live Feed.app/SPAN Live Feed";
			};
			name = Release;
		};
		BCCF69A51C08F1AC001F0EAD /* Debug */ = {
			isa = XCBuildConfiguration;
			buildSettings = {
				INFOPLIST_FILE = "Ticket monitorUITests/Info.plist";
				LD_RUNPATH_SEARCH_PATHS = "$(inherited) @executable_path/Frameworks @loader_path/Frameworks";
				PRODUCT_BUNDLE_IDENTIFIER = "hr.span.dev.osijek.Ticket-monitorUITests";
				PRODUCT_NAME = "SPAN Live FeedTests";
				TEST_TARGET_NAME = "Ticket monitor";
				USES_XCTRUNNER = YES;
			};
			name = Debug;
		};
		BCCF69A61C08F1AC001F0EAD /* Release */ = {
			isa = XCBuildConfiguration;
			buildSettings = {
				INFOPLIST_FILE = "Ticket monitorUITests/Info.plist";
				LD_RUNPATH_SEARCH_PATHS = "$(inherited) @executable_path/Frameworks @loader_path/Frameworks";
				PRODUCT_BUNDLE_IDENTIFIER = "hr.span.dev.osijek.Ticket-monitorUITests";
				PRODUCT_NAME = "SPAN Live FeedTests";
				TEST_TARGET_NAME = "Ticket monitor";
				USES_XCTRUNNER = YES;
			};
			name = Release;
		};
/* End XCBuildConfiguration section */

/* Begin XCConfigurationList section */
		BCCF69691C08F1AB001F0EAD /* Build configuration list for PBXProject "SPAN Live Feed" */ = {
			isa = XCConfigurationList;
			buildConfigurations = (
				BCCF699C1C08F1AC001F0EAD /* Debug */,
				BCCF699D1C08F1AC001F0EAD /* Release */,
			);
			defaultConfigurationIsVisible = 0;
			defaultConfigurationName = Release;
		};
		BCCF699E1C08F1AC001F0EAD /* Build configuration list for PBXNativeTarget "SPAN Live Feed" */ = {
			isa = XCConfigurationList;
			buildConfigurations = (
				BCCF699F1C08F1AC001F0EAD /* Debug */,
				BCCF69A01C08F1AC001F0EAD /* Release */,
			);
			defaultConfigurationIsVisible = 0;
			defaultConfigurationName = Release;
		};
		BCCF69A11C08F1AC001F0EAD /* Build configuration list for PBXNativeTarget "SPAN Live FeedTests" */ = {
			isa = XCConfigurationList;
			buildConfigurations = (
				BCCF69A21C08F1AC001F0EAD /* Debug */,
				BCCF69A31C08F1AC001F0EAD /* Release */,
			);
			defaultConfigurationIsVisible = 0;
			defaultConfigurationName = Release;
		};
		BCCF69A41C08F1AC001F0EAD /* Build configuration list for PBXNativeTarget "SPAN Live FeedUITests" */ = {
			isa = XCConfigurationList;
			buildConfigurations = (
				BCCF69A51C08F1AC001F0EAD /* Debug */,
				BCCF69A61C08F1AC001F0EAD /* Release */,
			);
			defaultConfigurationIsVisible = 0;
			defaultConfigurationName = Release;
		};
/* End XCConfigurationList section */
	};
	rootObject = BCCF69661C08F1AB001F0EAD /* Project object */;
}
